
Microsoft Visual Studio Solution File, Format Version 12.00
# Visual Studio Version 17
VisualStudioVersion = 17.5.002.0
MinimumVisualStudioVersion = 10.0.40219.1
Project("{9A19103F-16F7-4668-BE54-9A1E7A4F7556}") = "Interon.Roadlab.Web.Net.Core", "Interon.Roadlab.Web.Net.Core.csproj", "{4EB3E617-A0FF-4128-9444-F144C478656E}"
EndProject
Global
	GlobalSection(SolutionConfigurationPlatforms) = preSolution
		Debug|Any CPU = Debug|Any CPU
		Release|Any CPU = Release|Any CPU
	EndGlobalSection
	GlobalSection(ProjectConfigurationPlatforms) = postSolution
		{4EB3E617-A0FF-4128-9444-F144C478656E}.Debug|Any CPU.ActiveCfg = Debug|Any CPU
		{4EB3E617-A0FF-4128-9444-F144C478656E}.Debug|Any CPU.Build.0 = Debug|Any CPU
		{4EB3E617-A0FF-4128-9444-F144C478656E}.Release|Any CPU.ActiveCfg = Release|Any CPU
		{4EB3E617-A0FF-4128-9444-F144C478656E}.Release|Any CPU.Build.0 = Release|Any CPU
	EndGlobalSection
	GlobalSection(SolutionProperties) = preSolution
		HideSolutionNode = FALSE
	EndGlobalSection
	GlobalSection(ExtensibilityGlobals) = postSolution
		SolutionGuid = {CEE5772A-CFE1-4667-8720-6AAEEAF4CF45}
	EndGlobalSection
EndGlobal
